PODS:
  - MGAutoLayoutWithX (0.0.3)
  - Nimble (7.0.2)
  - Quick (1.2.0)

DEPENDENCIES:
  - MGAutoLayoutWithX (from `../`)
  - Nimble (~> 7.0.2)
  - Quick (~> 1.2.0)

EXTERNAL SOURCES:
  MGAutoLayoutWithX:
    :path: ../

SPEC CHECKSUMS:
  MGAutoLayoutWithX: bb870d9b4994d580e3a20aebe128a3e02c40b73c
  Nimble: bfe1f814edabba69ff145cb1283e04ed636a67f2
  Quick: 58d203b1c5e27fff7229c4c1ae445ad7069a7a08

PODFILE CHECKSUM: 181d2f887f3126ebdbb238a55fb8b301d4481901

COCOAPODS: 1.3.1
