PODS:
  - MGAutoLayoutWithX (1.0.1)

DEPENDENCIES:
  - MGAutoLayoutWithX (from `../`)

EXTERNAL SOURCES:
  MGAutoLayoutWithX:
    :path: "../"

SPEC CHECKSUMS:
  MGAutoLayoutWithX: e2cadf7b976b94d4a5b817ecb7101b18a0a6eac9

PODFILE CHECKSUM: 1086f9881b150ba896e76eb807b6857cdc6faf59

COCOAPODS: 1.6.0.beta.1
